// !$*UTF8*$!
{
	archiveVersion = 1;
	classes = {
	};
	objectVersion = 46;
	objects = {

/* Begin PBXBuildFile section */
		052D27E51C5A613B00312FDD /* AppDelegate.swift in Sources */ = {isa = PBXBuildFile; fileRef = 052D27E41C5A613B00312FDD /* AppDelegate.swift */; };
		052D27E71C5A613B00312FDD /* ViewController.swift in Sources */ = {isa = PBXBuildFile; fileRef = 052D27E61C5A613B00312FDD /* ViewController.swift */; };
		052D27EA1C5A613B00312FDD /* Main.storyboard in Resources */ = {isa = PBXBuildFile; fileRef = 052D27E81C5A613B00312FDD /* Main.storyboard */; };
		052D27ED1C5A613B00312FDD /* pokedex.xcdatamodeld in Sources */ = {isa = PBXBuildFile; fileRef = 052D27EB1C5A613B00312FDD /* pokedex.xcdatamodeld */; };
		052D27EF1C5A613B00312FDD /* Assets.xcassets in Resources */ = {isa = PBXBuildFile; fileRef = 052D27EE1C5A613B00312FDD /* Assets.xcassets */; };
		052D27F21C5A613B00312FDD /* LaunchScreen.storyboard in Resources */ = {isa = PBXBuildFile; fileRef = 052D27F01C5A613B00312FDD /* LaunchScreen.storyboard */; };
		052D27FA1C5A65B800312FDD /* pokemon.csv in Resources */ = {isa = PBXBuildFile; fileRef = 052D27F91C5A65B800312FDD /* pokemon.csv */; };
		052D27FD1C5A6BBC00312FDD /* Pokemon.swift in Sources */ = {isa = PBXBuildFile; fileRef = 052D27FC1C5A6BBC00312FDD /* Pokemon.swift */; };
		052D28001C5A7DE500312FDD /* PokeCell.swift in Sources */ = {isa = PBXBuildFile; fileRef = 052D27FF1C5A7DE500312FDD /* PokeCell.swift */; };
		052D28021C5AA2E200312FDD /* csv.swift in Sources */ = {isa = PBXBuildFile; fileRef = 052D28011C5AA2E200312FDD /* csv.swift */; };
		052D28071C5AAC4800312FDD /* pokemon.ttf in Resources */ = {isa = PBXBuildFile; fileRef = 052D28061C5AAC4800312FDD /* pokemon.ttf */; };
		052D28091C5AACC000312FDD /* music.mp3 in Resources */ = {isa = PBXBuildFile; fileRef = 052D28081C5AACC000312FDD /* music.mp3 */; };
		053B60061C5FF7A100477C9A /* Constants.swift in Sources */ = {isa = PBXBuildFile; fileRef = 053B60051C5FF7A100477C9A /* Constants.swift */; };
		059C51891C5FB05600EC98B4 /* PokemonDetailVC.swift in Sources */ = {isa = PBXBuildFile; fileRef = 059C51881C5FB05600EC98B4 /* PokemonDetailVC.swift */; };
		8C2FF59E4CD6757504172403 /* Pods.framework in Frameworks */ = {isa = PBXBuildFile; fileRef = CCBB170F22D68E29E4F6AB40 /* Pods.framework */; };
/* End PBXBuildFile section */

/* Begin PBXFileReference section */
		052D27E11C5A613B00312FDD /* pokedex.app */ = {isa = PBXFileReference; explicitFileType = wrapper.application; includeInIndex = 0; path = pokedex.app; sourceTree = BUILT_PRODUCTS_DIR; };
		052D27E41C5A613B00312FDD /* AppDelegate.swift */ = {isa = PBXFileReference; lastKnownFileType = sourcecode.swift; path = AppDelegate.swift; sourceTree = "<group>"; };
		052D27E61C5A613B00312FDD /* ViewController.swift */ = {isa = PBXFileReference; lastKnownFileType = sourcecode.swift; path = ViewController.swift; sourceTree = "<group>"; };
		052D27E91C5A613B00312FDD /* Base */ = {isa = PBXFileReference; lastKnownFileType = file.storyboard; name = Base; path = Base.lproj/Main.storyboard; sourceTree = "<group>"; };
		052D27EC1C5A613B00312FDD /* pokedex.xcdatamodel */ = {isa = PBXFileReference; lastKnownFileType = wrapper.xcdatamodel; path = pokedex.xcdatamodel; sourceTree = "<group>"; };
		052D27EE1C5A613B00312FDD /* Assets.xcassets */ = {isa = PBXFileReference; lastKnownFileType = folder.assetcatalog; path = Assets.xcassets; sourceTree = "<group>"; };
		052D27F11C5A613B00312FDD /* Base */ = {isa = PBXFileReference; lastKnownFileType = file.storyboard; name = Base; path = Base.lproj/LaunchScreen.storyboard; sourceTree = "<group>"; };
		052D27F31C5A613B00312FDD /* Info.plist */ = {isa = PBXFileReference; lastKnownFileType = text.plist.xml; path = Info.plist; sourceTree = "<group>"; };
		052D27F91C5A65B800312FDD /* pokemon.csv */ = {isa = PBXFileReference; fileEncoding = 4; lastKnownFileType = text; name = pokemon.csv; path = ../pokemon.csv; sourceTree = "<group>"; };
		052D27FC1C5A6BBC00312FDD /* Pokemon.swift */ = {isa = PBXFileReference; fileEncoding = 4; lastKnownFileType = sourcecode.swift; path = Pokemon.swift; sourceTree = "<group>"; };
		052D27FF1C5A7DE500312FDD /* PokeCell.swift */ = {isa = PBXFileReference; fileEncoding = 4; lastKnownFileType = sourcecode.swift; path = PokeCell.swift; sourceTree = "<group>"; };
		052D28011C5AA2E200312FDD /* csv.swift */ = {isa = PBXFileReference; fileEncoding = 4; lastKnownFileType = sourcecode.swift; name = csv.swift; path = ../csv.swift; sourceTree = "<group>"; };
		052D28061C5AAC4800312FDD /* pokemon.ttf */ = {isa = PBXFileReference; lastKnownFileType = file; path = pokemon.ttf; sourceTree = "<group>"; };
		052D28081C5AACC000312FDD /* music.mp3 */ = {isa = PBXFileReference; lastKnownFileType = audio.mp3; path = music.mp3; sourceTree = "<group>"; };
		053B60051C5FF7A100477C9A /* Constants.swift */ = {isa = PBXFileReference; fileEncoding = 4; lastKnownFileType = sourcecode.swift; path = Constants.swift; sourceTree = "<group>"; };
		059C51881C5FB05600EC98B4 /* PokemonDetailVC.swift */ = {isa = PBXFileReference; fileEncoding = 4; lastKnownFileType = sourcecode.swift; path = PokemonDetailVC.swift; sourceTree = "<group>"; };
		445DC35AEF64268E40F49C58 /* Pods.debug.xcconfig */ = {isa = PBXFileReference; includeInIndex = 1; lastKnownFileType = text.xcconfig; name = Pods.debug.xcconfig; path = "Pods/Target Support Files/Pods/Pods.debug.xcconfig"; sourceTree = "<group>"; };
		B9F2797B811767D8D83BA81F /* Pods.release.xcconfig */ = {isa = PBXFileReference; includeInIndex = 1; lastKnownFileType = text.xcconfig; name = Pods.release.xcconfig; path = "Pods/Target Support Files/Pods/Pods.release.xcconfig"; sourceTree = "<group>"; };
		CCBB170F22D68E29E4F6AB40 /* Pods.framework */ = {isa = PBXFileReference; explicitFileType = wrapper.framework; includeInIndex = 0; path = Pods.framework; sourceTree = BUILT_PRODUCTS_DIR; };
/* End PBXFileReference section */

/* Begin PBXFrameworksBuildPhase section */
		052D27DE1C5A613B00312FDD /* Frameworks */ = {
			isa = PBXFrameworksBuildPhase;
			buildActionMask = 2147483647;
			files = (
				8C2FF59E4CD6757504172403 /* Pods.framework in Frameworks */,
			);
			runOnlyForDeploymentPostprocessing = 0;
		};
/* End PBXFrameworksBuildPhase section */

/* Begin PBXGroup section */
		052D27D81C5A613B00312FDD = {
			isa = PBXGroup;
			children = (
				052D27E31C5A613B00312FDD /* pokedex */,
				052D27E21C5A613B00312FDD /* Products */,
				5EDCD714491D1D937DD9BA6A /* Pods */,
				9D2AE09143EBF7F1A4A661E6 /* Frameworks */,
			);
			sourceTree = "<group>";
		};
		052D27E21C5A613B00312FDD /* Products */ = {
			isa = PBXGroup;
			children = (
				052D27E11C5A613B00312FDD /* pokedex.app */,
			);
			name = Products;
			sourceTree = "<group>";
		};
		052D27E31C5A613B00312FDD /* pokedex */ = {
			isa = PBXGroup;
			children = (
				052D27FB1C5A6B8300312FDD /* Model */,
				052D27FE1C5A7D7200312FDD /* View */,
				052D28041C5AA32600312FDD /* Controller */,
				052D28031C5AA2F700312FDD /* Utl */,
				052D28051C5AA35D00312FDD /* Resources */,
				052D27E41C5A613B00312FDD /* AppDelegate.swift */,
				052D27E81C5A613B00312FDD /* Main.storyboard */,
				052D27EE1C5A613B00312FDD /* Assets.xcassets */,
				052D27F01C5A613B00312FDD /* LaunchScreen.storyboard */,
				052D27F31C5A613B00312FDD /* Info.plist */,
				052D27EB1C5A613B00312FDD /* pokedex.xcdatamodeld */,
			);
			path = pokedex;
			sourceTree = "<group>";
		};
		052D27FB1C5A6B8300312FDD /* Model */ = {
			isa = PBXGroup;
			children = (
				052D27FC1C5A6BBC00312FDD /* Pokemon.swift */,
			);
			name = Model;
			sourceTree = "<group>";
		};
		052D27FE1C5A7D7200312FDD /* View */ = {
			isa = PBXGroup;
			children = (
				052D27FF1C5A7DE500312FDD /* PokeCell.swift */,
			);
			name = View;
			sourceTree = "<group>";
		};
		052D28031C5AA2F700312FDD /* Utl */ = {
			isa = PBXGroup;
			children = (
				052D28011C5AA2E200312FDD /* csv.swift */,
				053B60051C5FF7A100477C9A /* Constants.swift */,
			);
			name = Utl;
			sourceTree = "<group>";
		};
		052D28041C5AA32600312FDD /* Controller */ = {
			isa = PBXGroup;
			children = (
				052D27E61C5A613B00312FDD /* ViewController.swift */,
				059C51881C5FB05600EC98B4 /* PokemonDetailVC.swift */,
			);
			name = Controller;
			sourceTree = "<group>";
		};
		052D28051C5AA35D00312FDD /* Resources */ = {
			isa = PBXGroup;
			children = (
				052D28061C5AAC4800312FDD /* pokemon.ttf */,
				052D28081C5AACC000312FDD /* music.mp3 */,
				052D27F91C5A65B800312FDD /* pokemon.csv */,
			);
			name = Resources;
			sourceTree = "<group>";
		};
		5EDCD714491D1D937DD9BA6A /* Pods */ = {
			isa = PBXGroup;
			children = (
				445DC35AEF64268E40F49C58 /* Pods.debug.xcconfig */,
				B9F2797B811767D8D83BA81F /* Pods.release.xcconfig */,
			);
			name = Pods;
			sourceTree = "<group>";
		};
		9D2AE09143EBF7F1A4A661E6 /* Frameworks */ = {
			isa = PBXGroup;
			children = (
				CCBB170F22D68E29E4F6AB40 /* Pods.framework */,
			);
			name = Frameworks;
			sourceTree = "<group>";
		};
/* End PBXGroup section */

/* Begin PBXNativeTarget section */
		052D27E01C5A613B00312FDD /* pokedex */ = {
			isa = PBXNativeTarget;
			buildConfigurationList = 052D27F61C5A613B00312FDD /* Build configuration list for PBXNativeTarget "pokedex" */;
			buildPhases = (
				5C6F4555C5401A2C45D7BED7 /* Check Pods Manifest.lock */,
				052D27DD1C5A613B00312FDD /* Sources */,
				052D27DE1C5A613B00312FDD /* Frameworks */,
				052D27DF1C5A613B00312FDD /* Resources */,
				758E97683D8919CE3708627A /* Embed Pods Frameworks */,
				DA65AB95393D623534A4C647 /* Copy Pods Resources */,
			);
			buildRules = (
			);
			dependencies = (
			);
			name = pokedex;
			productName = pokedex;
			productReference = 052D27E11C5A613B00312FDD /* pokedex.app */;
			productType = "com.apple.product-type.application";
		};
/* End PBXNativeTarget section */

/* Begin PBXProject section */
		052D27D91C5A613B00312FDD /* Project object */ = {
			isa = PBXProject;
			attributes = {
				LastSwiftUpdateCheck = 0720;
				LastUpgradeCheck = 0720;
				ORGANIZATIONNAME = "Troy Reed";
				TargetAttributes = {
					052D27E01C5A613B00312FDD = {
						CreatedOnToolsVersion = 7.2;
					};
				};
			};
			buildConfigurationList = 052D27DC1C5A613B00312FDD /* Build configuration list for PBXProject "pokedex" */;
			compatibilityVersion = "Xcode 3.2";
			developmentRegion = English;
			hasScannedForEncodings = 0;
			knownRegions = (
				en,
				Base,
			);
			mainGroup = 052D27D81C5A613B00312FDD;
			productRefGroup = 052D27E21C5A613B00312FDD /* Products */;
			projectDirPath = "";
			projectRoot = "";
			targets = (
				052D27E01C5A613B00312FDD /* pokedex */,
			);
		};
/* End PBXProject section */

/* Begin PBXResourcesBuildPhase section */
		052D27DF1C5A613B00312FDD /* Resources */ = {
			isa = PBXResourcesBuildPhase;
			buildActionMask = 2147483647;
			files = (
				052D28071C5AAC4800312FDD /* pokemon.ttf in Resources */,
				052D27F21C5A613B00312FDD /* LaunchScreen.storyboard in Resources */,
				052D28091C5AACC000312FDD /* music.mp3 in Resources */,
				052D27EF1C5A613B00312FDD /* Assets.xcassets in Resources */,
				052D27FA1C5A65B800312FDD /* pokemon.csv in Resources */,
				052D27EA1C5A613B00312FDD /* Main.storyboard in Resources */,
			);
			runOnlyForDeploymentPostprocessing = 0;
		};
/* End PBXResourcesBuildPhase section */

/* Begin PBXShellScriptBuildPhase section */
		5C6F4555C5401A2C45D7BED7 /* Check Pods Manifest.lock */ = {
			isa = PBXShellScriptBuildPhase;
			buildActionMask = 2147483647;
			files = (
			);
			inputPaths = (
			);
			name = "Check Pods Manifest.lock";
			outputPaths = (
			);
			runOnlyForDeploymentPostprocessing = 0;
			shellPath = /bin/sh;
			shellScript = "diff \"${PODS_ROOT}/../Podfile.lock\" \"${PODS_ROOT}/Manifest.lock\" > /dev/null\nif [[ $? != 0 ]] ; then\n    cat << EOM\nerror: The sandbox is not in sync with the Podfile.lock. Run 'pod install' or update your CocoaPods installation.\nEOM\n    exit 1\nfi\n";
			showEnvVarsInLog = 0;
		};
		758E97683D8919CE3708627A /* Embed Pods Frameworks */ = {
			isa = PBXShellScriptBuildPhase;
			buildActionMask = 2147483647;
			files = (
			);
			inputPaths = (
			);
			name = "Embed Pods Frameworks";
			outputPaths = (
			);
			runOnlyForDeploymentPostprocessing = 0;
			shellPath = /bin/sh;
			shellScript = "\"${SRCROOT}/Pods/Target Support Files/Pods/Pods-frameworks.sh\"\n";
			showEnvVarsInLog = 0;
		};
		DA65AB95393D623534A4C647 /* Copy Pods Resources */ = {
			isa = PBXShellScriptBuildPhase;
			buildActionMask = 2147483647;
			files = (
			);
			inputPaths = (
			);
			name = "Copy Pods Resources";
			outputPaths = (
			);
			runOnlyForDeploymentPostprocessing = 0;
			shellPath = /bin/sh;
			shellScript = "\"${SRCROOT}/Pods/Target Support Files/Pods/Pods-resources.sh\"\n";
			showEnvVarsInLog = 0;
		};
/* End PBXShellScriptBuildPhase section */

/* Begin PBXSourcesBuildPhase section */
		052D27DD1C5A613B00312FDD /* Sources */ = {
			isa = PBXSourcesBuildPhase;
			buildActionMask = 2147483647;
			files = (
				052D28021C5AA2E200312FDD /* csv.swift in Sources */,
				052D27ED1C5A613B00312FDD /* pokedex.xcdatamodeld in Sources */,
				052D27FD1C5A6BBC00312FDD /* Pokemon.swift in Sources */,
				052D27E71C5A613B00312FDD /* ViewController.swift in Sources */,
				059C51891C5FB05600EC98B4 /* PokemonDetailVC.swift in Sources */,
				052D27E51C5A613B00312FDD /* AppDelegate.swift in Sources */,
				052D28001C5A7DE500312FDD /* PokeCell.swift in Sources */,
				053B60061C5FF7A100477C9A /* Constants.swift in Sources */,
			);
			runOnlyForDeploymentPostprocessing = 0;
		};
/* End PBXSourcesBuildPhase section */

/* Begin PBXVariantGroup section */
		052D27E81C5A613B00312FDD /* Main.storyboard */ = {
			isa = PBXVariantGroup;
			children = (
				052D27E91C5A613B00312FDD /* Base */,
			);
			name = Main.storyboard;
			sourceTree = "<group>";
		};
		052D27F01C5A613B00312FDD /* LaunchScreen.storyboard */ = {
			isa = PBXVariantGroup;
			children = (
				052D27F11C5A613B00312FDD /* Base */,
			);
			name = LaunchScreen.storyboard;
			sourceTree = "<group>";
		};
/* End PBXVariantGroup section */

/* Begin XCBuildConfiguration section */
		052D27F41C5A613B00312FDD /* Debug */ = {
			isa = XCBuildConfiguration;
			buildSettings = {
				ALWAYS_SEARCH_USER_PATHS = NO;
				CLANG_CXX_LANGUAGE_STANDARD = "gnu++0x";
				CLANG_CXX_LIBRARY = "libc++";
				CLANG_ENABLE_MODULES = YES;
				CLANG_ENABLE_OBJC_ARC = YES;
				CLANG_WARN_BOOL_CONVERSION = YES;
				CLANG_WARN_CONSTANT_CONVERSION = YES;
				CLANG_WARN_DIRECT_OBJC_ISA_USAGE = YES_ERROR;
				CLANG_WARN_EMPTY_BODY = YES;
				CLANG_WARN_ENUM_CONVERSION = YES;
				CLANG_WARN_INT_CONVERSION = YES;
				CLANG_WARN_OBJC_ROOT_CLASS = YES_ERROR;
				CLANG_WARN_UNREACHABLE_CODE = YES;
				CLANG_WARN__DUPLICATE_METHOD_MATCH = YES;
				"CODE_SIGN_IDENTITY[sdk=iphoneos*]" = "iPhone Developer";
				COPY_PHASE_STRIP = NO;
				DEBUG_INFORMATION_FORMAT = dwarf;
				ENABLE_STRICT_OBJC_MSGSEND = YES;
				ENABLE_TESTABILITY = YES;
				GCC_C_LANGUAGE_STANDARD = gnu99;
				GCC_DYNAMIC_NO_PIC = NO;
				GCC_NO_COMMON_BLOCKS = YES;
				GCC_OPTIMIZATION_LEVEL = 0;
				GCC_PREPROCESSOR_DEFINITIONS = (
					"DEBUG=1",
					"$(inherited)",
				);
				GCC_WARN_64_TO_32_BIT_CONVERSION = YES;
				GCC_WARN_ABOUT_RETURN_TYPE = YES_ERROR;
				GCC_WARN_UNDECLARED_SELECTOR = YES;
				GCC_WARN_UNINITIALIZED_AUTOS = YES_AGGRESSIVE;
				GCC_WARN_UNUSED_FUNCTION = YES;
				GCC_WARN_UNUSED_VARIABLE = YES;
				IPHONEOS_DEPLOYMENT_TARGET = 9.2;
				MTL_ENABLE_DEBUG_INFO = YES;
				ONLY_ACTIVE_ARCH = YES;
				SDKROOT = iphoneos;
				SWIFT_OPTIMIZATION_LEVEL = "-Onone";
			};
			name = Debug;
		};
		052D27F51C5A613B00312FDD /* Release */ = {
			isa = XCBuildConfiguration;
			buildSettings = {
				ALWAYS_SEARCH_USER_PATHS = NO;
				CLANG_CXX_LANGUAGE_STANDARD = "gnu++0x";
				CLANG_CXX_LIBRARY = "libc++";
				CLANG_ENABLE_MODULES = YES;
				CLANG_ENABLE_OBJC_ARC = YES;
				CLANG_WARN_BOOL_CONVERSION = YES;
				CLANG_WARN_CONSTANT_CONVERSION = YES;
				CLANG_WARN_DIRECT_OBJC_ISA_USAGE = YES_ERROR;
				CLANG_WARN_EMPTY_BODY = YES;
				CLANG_WARN_ENUM_CONVERSION = YES;
				CLANG_WARN_INT_CONVERSION = YES;
				CLANG_WARN_OBJC_ROOT_CLASS = YES_ERROR;
				CLANG_WARN_UNREACHABLE_CODE = YES;
				CLANG_WARN__DUPLICATE_METHOD_MATCH = YES;
				"CODE_SIGN_IDENTITY[sdk=iphoneos*]" = "iPhone Developer";
				COPY_PHASE_STRIP = NO;
				DEBUG_INFORMATION_FORMAT = "dwarf-with-dsym";
				ENABLE_NS_ASSERTIONS = NO;
				ENABLE_STRICT_OBJC_MSGSEND = YES;
				GCC_C_LANGUAGE_STANDARD = gnu99;
				GCC_NO_COMMON_BLOCKS = YES;
				GCC_WARN_64_TO_32_BIT_CONVERSION = YES;
				GCC_WARN_ABOUT_RETURN_TYPE = YES_ERROR;
				GCC_WARN_UNDECLARED_SELECTOR = YES;
				GCC_WARN_UNINITIALIZED_AUTOS = YES_AGGRESSIVE;
				GCC_WARN_UNUSED_FUNCTION = YES;
				GCC_WARN_UNUSED_VARIABLE = YES;
				IPHONEOS_DEPLOYMENT_TARGET = 9.2;
				MTL_ENABLE_DEBUG_INFO = NO;
				SDKROOT = iphoneos;
				VALIDATE_PRODUCT = YES;
			};
			name = Release;
		};
		052D27F71C5A613B00312FDD /* Debug */ = {
			isa = XCBuildConfiguration;
			baseConfigurationReference = 445DC35AEF64268E40F49C58 /* Pods.debug.xcconfig */;
			buildSettings = {
				ASSETCATALOG_COMPILER_APPICON_NAME = AppIcon;
				INFOPLIST_FILE = pokedex/Info.plist;
				LD_RUNPATH_SEARCH_PATHS = "$(inherited) @executable_path/Frameworks";
				PRODUCT_BUNDLE_IDENTIFIER = com.grafquest.pokedex;
				PRODUCT_NAME = "$(TARGET_NAME)";
			};
			name = Debug;
		};
		052D27F81C5A613B00312FDD /* Release */ = {
			isa = XCBuildConfiguration;
			baseConfigurationReference = B9F2797B811767D8D83BA81F /* Pods.release.xcconfig */;
			buildSettings = {
				ASSETCATALOG_COMPILER_APPICON_NAME = AppIcon;
				INFOPLIST_FILE = pokedex/Info.plist;
				LD_RUNPATH_SEARCH_PATHS = "$(inherited) @executable_path/Frameworks";
				PRODUCT_BUNDLE_IDENTIFIER = com.grafquest.pokedex;
				PRODUCT_NAME = "$(TARGET_NAME)";
			};
			name = Release;
		};
/* End XCBuildConfiguration section */

/* Begin XCConfigurationList section */
		052D27DC1C5A613B00312FDD /* Build configuration list for PBXProject "pokedex" */ = {
			isa = XCConfigurationList;
			buildConfigurations = (
				052D27F41C5A613B00312FDD /* Debug */,
				052D27F51C5A613B00312FDD /* Release */,
			);
			defaultConfigurationIsVisible = 0;
			defaultConfigurationName = Release;
		};
		052D27F61C5A613B00312FDD /* Build configuration list for PBXNativeTarget "pokedex" */ = {
			isa = XCConfigurationList;
			buildConfigurations = (
				052D27F71C5A613B00312FDD /* Debug */,
				052D27F81C5A613B00312FDD /* Release */,
			);
			defaultConfigurationIsVisible = 0;
			defaultConfigurationName = Release;
		};
/* End XCConfigurationList section */

/* Begin XCVersionGroup section */
		052D27EB1C5A613B00312FDD /* pokedex.xcdatamodeld */ = {
			isa = XCVersionGroup;
			children = (
				052D27EC1C5A613B00312FDD /* pokedex.xcdatamodel */,
			);
			currentVersion = 052D27EC1C5A613B00312FDD /* pokedex.xcdatamodel */;
			path = pokedex.xcdatamodeld;
			sourceTree = "<group>";
			versionGroupType = wrapper.xcdatamodel;
		};
/* End XCVersionGroup section */
	};
	rootObject = 052D27D91C5A613B00312FDD /* Project object */;
}
