// !$*UTF8*$!
{
	archiveVersion = 1;
	classes = {
	};
	objectVersion = 46;
	objects = {

/* Begin PBXBuildFile section */
		052D27E51C5A613B00312FDD /* AppDelegate.swift in Sources */ = {isa = PBXBuildFile; fileRef = 052D27E41C5A613B00312FDD /* AppDelegate.swift */; };
		052D27E71C5A613B00312FDD /* ViewController.swift in Sources */ = {isa = PBXBuildFile; fileRef = 052D27E61C5A613B00312FDD /* ViewController.swift */; };
		052D27EA1C5A613B00312FDD /* Main.storyboard in Resources */ = {isa = PBXBuildFile; fileRef = 052D27E81C5A613B00312FDD /* Main.storyboard */; };
		052D27ED1C5A613B00312FDD /* pokedex.xcdatamodeld in Sources */ = {isa = PBXBuildFile; fileRef = 052D27EB1C5A613B00312FDD /* pokedex.xcdatamodeld */; };
		052D27EF1C5A613B00312FDD /* Assets.xcassets in Resources */ = {isa = PBXBuildFile; fileRef = 052D27EE1C5A613B00312FDD /* Assets.xcassets */; };
		052D27F21C5A613B00312FDD /* LaunchScreen.storyboard in Resources */ = {isa = PBXBuildFile; fileRef = 052D27F01C5A613B00312FDD /* LaunchScreen.storyboard */; };
		052D27FA1C5A65B800312FDD /* pokemon.csv in Resources */ = {isa = PBXBuildFile; fileRef = 052D27F91C5A65B800312FDD /* pokemon.csv */; };
/* End PBXBuildFile section */

/* Begin PBXFileReference section */
		052D27E11C5A613B00312FDD /* pokedex.app */ = {isa = PBXFileReference; explicitFileType = wrapper.application; includeInIndex = 0; path = pokedex.app; sourceTree = BUILT_PRODUCTS_DIR; };
		052D27E41C5A613B00312FDD /* AppDelegate.swift */ = {isa = PBXFileReference; lastKnownFileType = sourcecode.swift; path = AppDelegate.swift; sourceTree = "<group>"; };
		052D27E61C5A613B00312FDD /* ViewController.swift */ = {isa = PBXFileReference; lastKnownFileType = sourcecode.swift; path = ViewController.swift; sourceTree = "<group>"; };
		052D27E91C5A613B00312FDD /* Base */ = {isa = PBXFileReference; lastKnownFileType = file.storyboard; name = Base; path = Base.lproj/Main.storyboard; sourceTree = "<group>"; };
		052D27EC1C5A613B00312FDD /* pokedex.xcdatamodel */ = {isa = PBXFileReference; lastKnownFileType = wrapper.xcdatamodel; path = pokedex.xcdatamodel; sourceTree = "<group>"; };
		052D27EE1C5A613B00312FDD /* Assets.xcassets */ = {isa = PBXFileReference; lastKnownFileType = folder.assetcatalog; path = Assets.xcassets; sourceTree = "<group>"; };
		052D27F11C5A613B00312FDD /* Base */ = {isa = PBXFileReference; lastKnownFileType = file.storyboard; name = Base; path = Base.lproj/LaunchScreen.storyboard; sourceTree = "<group>"; };
		052D27F31C5A613B00312FDD /* Info.plist */ = {isa = PBXFileReference; lastKnownFileType = text.plist.xml; path = Info.plist; sourceTree = "<group>"; };
		052D27F91C5A65B800312FDD /* pokemon.csv */ = {isa = PBXFileReference; fileEncoding = 4; lastKnownFileType = text; name = pokemon.csv; path = ../pokemon.csv; sourceTree = "<group>"; };
/* End PBXFileReference section */

/* Begin PBXFrameworksBuildPhase section */
		052D27DE1C5A613B00312FDD /* Frameworks */ = {
			isa = PBXFrameworksBuildPhase;
			buildActionMask = 2147483647;
			files = (
			);
			runOnlyForDeploymentPostprocessing = 0;
		};
/* End PBXFrameworksBuildPhase section */

/* Begin PBXGroup section */
		052D27D81C5A613B00312FDD = {
			isa = PBXGroup;
			children = (
				052D27E31C5A613B00312FDD /* pokedex */,
				052D27E21C5A613B00312FDD /* Products */,
			);
			sourceTree = "<group>";
		};
		052D27E21C5A613B00312FDD /* Products */ = {
			isa = PBXGroup;
			children = (
				052D27E11C5A613B00312FDD /* pokedex.app */,
			);
			name = Products;
			sourceTree = "<group>";
		};
		052D27E31C5A613B00312FDD /* pokedex */ = {
			isa = PBXGroup;
			children = (
				052D27E41C5A613B00312FDD /* AppDelegate.swift */,
				052D27E61C5A613B00312FDD /* ViewController.swift */,
				052D27F91C5A65B800312FDD /* pokemon.csv */,
				052D27E81C5A613B00312FDD /* Main.storyboard */,
				052D27EE1C5A613B00312FDD /* Assets.xcassets */,
				052D27F01C5A613B00312FDD /* LaunchScreen.storyboard */,
				052D27F31C5A613B00312FDD /* Info.plist */,
				052D27EB1C5A613B00312FDD /* pokedex.xcdatamodeld */,
			);
			path = pokedex;
			sourceTree = "<group>";
		};
/* End PBXGroup section */

/* Begin PBXNativeTarget section */
		052D27E01C5A613B00312FDD /* pokedex */ = {
			isa = PBXNativeTarget;
			buildConfigurationList = 052D27F61C5A613B00312FDD /* Build configuration list for PBXNativeTarget "pokedex" */;
			buildPhases = (
				052D27DD1C5A613B00312FDD /* Sources */,
				052D27DE1C5A613B00312FDD /* Frameworks */,
				052D27DF1C5A613B00312FDD /* Resources */,
			);
			buildRules = (
			);
			dependencies = (
			);
			name = pokedex;
			productName = pokedex;
			productReference = 052D27E11C5A613B00312FDD /* pokedex.app */;
			productType = "com.apple.product-type.application";
		};
/* End PBXNativeTarget section */

/* Begin PBXProject section */
		052D27D91C5A613B00312FDD /* Project object */ = {
			isa = PBXProject;
			attributes = {
				LastSwiftUpdateCheck = 0720;
				LastUpgradeCheck = 0720;
				ORGANIZATIONNAME = "Troy Reed";
				TargetAttributes = {
					052D27E01C5A613B00312FDD = {
						CreatedOnToolsVersion = 7.2;
					};
				};
			};
			buildConfigurationList = 052D27DC1C5A613B00312FDD /* Build configuration list for PBXProject "pokedex" */;
			compatibilityVersion = "Xcode 3.2";
			developmentRegion = English;
			hasScannedForEncodings = 0;
			knownRegions = (
				en,
				Base,
			);
			mainGroup = 052D27D81C5A613B00312FDD;
			productRefGroup = 052D27E21C5A613B00312FDD /* Products */;
			projectDirPath = "";
			projectRoot = "";
			targets = (
				052D27E01C5A613B00312FDD /* pokedex */,
			);
		};
/* End PBXProject section */

/* Begin PBXResourcesBuildPhase section */
		052D27DF1C5A613B00312FDD /* Resources */ = {
			isa = PBXResourcesBuildPhase;
			buildActionMask = 2147483647;
			files = (
				052D27F21C5A613B00312FDD /* LaunchScreen.storyboard in Resources */,
				052D27EF1C5A613B00312FDD /* Assets.xcassets in Resources */,
				052D27FA1C5A65B800312FDD /* pokemon.csv in Resources */,
				052D27EA1C5A613B00312FDD /* Main.storyboard in Resources */,
			);
			runOnlyForDeploymentPostprocessing = 0;
		};
/* End PBXResourcesBuildPhase section */

/* Begin PBXSourcesBuildPhase section */
		052D27DD1C5A613B00312FDD /* Sources */ = {
			isa = PBXSourcesBuildPhase;
			buildActionMask = 2147483647;
			files = (
				052D27ED1C5A613B00312FDD /* pokedex.xcdatamodeld in Sources */,
				052D27E71C5A613B00312FDD /* ViewController.swift in Sources */,
				052D27E51C5A613B00312FDD /* AppDelegate.swift in Sources */,
			);
			runOnlyForDeploymentPostprocessing = 0;
		};
/* End PBXSourcesBuildPhase section */

/* Begin PBXVariantGroup section */
		052D27E81C5A613B00312FDD /* Main.storyboard */ = {
			isa = PBXVariantGroup;
			children = (
				052D27E91C5A613B00312FDD /* Base */,
			);
			name = Main.storyboard;
			sourceTree = "<group>";
		};
		052D27F01C5A613B00312FDD /* LaunchScreen.storyboard */ = {
			isa = PBXVariantGroup;
			children = (
				052D27F11C5A613B00312FDD /* Base */,
			);
			name = LaunchScreen.storyboard;
			sourceTree = "<group>";
		};
/* End PBXVariantGroup section */

/* Begin XCBuildConfiguration section */
		052D27F41C5A613B00312FDD /* Debug */ = {
			isa = XCBuildConfiguration;
			buildSettings = {
				ALWAYS_SEARCH_USER_PATHS = NO;
				CLANG_CXX_LANGUAGE_STANDARD = "gnu++0x";
				CLANG_CXX_LIBRARY = "libc++";
				CLANG_ENABLE_MODULES = YES;
				CLANG_ENABLE_OBJC_ARC = YES;
				CLANG_WARN_BOOL_CONVERSION = YES;
				CLANG_WARN_CONSTANT_CONVERSION = YES;
				CLANG_WARN_DIRECT_OBJC_ISA_USAGE = YES_ERROR;
				CLANG_WARN_EMPTY_BODY = YES;
				CLANG_WARN_ENUM_CONVERSION = YES;
				CLANG_WARN_INT_CONVERSION = YES;
				CLANG_WARN_OBJC_ROOT_CLASS = YES_ERROR;
				CLANG_WARN_UNREACHABLE_CODE = YES;
				CLANG_WARN__DUPLICATE_METHOD_MATCH = YES;
				"CODE_SIGN_IDENTITY[sdk=iphoneos*]" = "iPhone Developer";
				COPY_PHASE_STRIP = NO;
				DEBUG_INFORMATION_FORMAT = dwarf;
				ENABLE_STRICT_OBJC_MSGSEND = YES;
				ENABLE_TESTABILITY = YES;
				GCC_C_LANGUAGE_STANDARD = gnu99;
				GCC_DYNAMIC_NO_PIC = NO;
				GCC_NO_COMMON_BLOCKS = YES;
				GCC_OPTIMIZATION_LEVEL = 0;
				GCC_PREPROCESSOR_DEFINITIONS = (
					"DEBUG=1",
					"$(inherited)",
				);
				GCC_WARN_64_TO_32_BIT_CONVERSION = YES;
				GCC_WARN_ABOUT_RETURN_TYPE = YES_ERROR;
				GCC_WARN_UNDECLARED_SELECTOR = YES;
				GCC_WARN_UNINITIALIZED_AUTOS = YES_AGGRESSIVE;
				GCC_WARN_UNUSED_FUNCTION = YES;
				GCC_WARN_UNUSED_VARIABLE = YES;
				IPHONEOS_DEPLOYMENT_TARGET = 9.2;
				MTL_ENABLE_DEBUG_INFO = YES;
				ONLY_ACTIVE_ARCH = YES;
				SDKROOT = iphoneos;
				SWIFT_OPTIMIZATION_LEVEL = "-Onone";
			};
			name = Debug;
		};
		052D27F51C5A613B00312FDD /* Release */ = {
			isa = XCBuildConfiguration;
			buildSettings = {
				ALWAYS_SEARCH_USER_PATHS = NO;
				CLANG_CXX_LANGUAGE_STANDARD = "gnu++0x";
				CLANG_CXX_LIBRARY = "libc++";
				CLANG_ENABLE_MODULES = YES;
				CLANG_ENABLE_OBJC_ARC = YES;
				CLANG_WARN_BOOL_CONVERSION = YES;
				CLANG_WARN_CONSTANT_CONVERSION = YES;
				CLANG_WARN_DIRECT_OBJC_ISA_USAGE = YES_ERROR;
				CLANG_WARN_EMPTY_BODY = YES;
				CLANG_WARN_ENUM_CONVERSION = YES;
				CLANG_WARN_INT_CONVERSION = YES;
				CLANG_WARN_OBJC_ROOT_CLASS = YES_ERROR;
				CLANG_WARN_UNREACHABLE_CODE = YES;
				CLANG_WARN__DUPLICATE_METHOD_MATCH = YES;
				"CODE_SIGN_IDENTITY[sdk=iphoneos*]" = "iPhone Developer";
				COPY_PHASE_STRIP = NO;
				DEBUG_INFORMATION_FORMAT = "dwarf-with-dsym";
				ENABLE_NS_ASSERTIONS = NO;
				ENABLE_STRICT_OBJC_MSGSEND = YES;
				GCC_C_LANGUAGE_STANDARD = gnu99;
				GCC_NO_COMMON_BLOCKS = YES;
				GCC_WARN_64_TO_32_BIT_CONVERSION = YES;
				GCC_WARN_ABOUT_RETURN_TYPE = YES_ERROR;
				GCC_WARN_UNDECLARED_SELECTOR = YES;
				GCC_WARN_UNINITIALIZED_AUTOS = YES_AGGRESSIVE;
				GCC_WARN_UNUSED_FUNCTION = YES;
				GCC_WARN_UNUSED_VARIABLE = YES;
				IPHONEOS_DEPLOYMENT_TARGET = 9.2;
				MTL_ENABLE_DEBUG_INFO = NO;
				SDKROOT = iphoneos;
				VALIDATE_PRODUCT = YES;
			};
			name = Release;
		};
		052D27F71C5A613B00312FDD /* Debug */ = {
			isa = XCBuildConfiguration;
			buildSettings = {
				ASSETCATALOG_COMPILER_APPICON_NAME = AppIcon;
				INFOPLIST_FILE = pokedex/Info.plist;
				LD_RUNPATH_SEARCH_PATHS = "$(inherited) @executable_path/Frameworks";
				PRODUCT_BUNDLE_IDENTIFIER = com.grafquest.pokedex;
				PRODUCT_NAME = "$(TARGET_NAME)";
			};
			name = Debug;
		};
		052D27F81C5A613B00312FDD /* Release */ = {
			isa = XCBuildConfiguration;
			buildSettings = {
				ASSETCATALOG_COMPILER_APPICON_NAME = AppIcon;
				INFOPLIST_FILE = pokedex/Info.plist;
				LD_RUNPATH_SEARCH_PATHS = "$(inherited) @executable_path/Frameworks";
				PRODUCT_BUNDLE_IDENTIFIER = com.grafquest.pokedex;
				PRODUCT_NAME = "$(TARGET_NAME)";
			};
			name = Release;
		};
/* End XCBuildConfiguration section */

/* Begin XCConfigurationList section */
		052D27DC1C5A613B00312FDD /* Build configuration list for PBXProject "pokedex" */ = {
			isa = XCConfigurationList;
			buildConfigurations = (
				052D27F41C5A613B00312FDD /* Debug */,
				052D27F51C5A613B00312FDD /* Release */,
			);
			defaultConfigurationIsVisible = 0;
			defaultConfigurationName = Release;
		};
		052D27F61C5A613B00312FDD /* Build configuration list for PBXNativeTarget "pokedex" */ = {
			isa = XCConfigurationList;
			buildConfigurations = (
				052D27F71C5A613B00312FDD /* Debug */,
				052D27F81C5A613B00312FDD /* Release */,
			);
			defaultConfigurationIsVisible = 0;
		};
/* End XCConfigurationList section */

/* Begin XCVersionGroup section */
		052D27EB1C5A613B00312FDD /* pokedex.xcdatamodeld */ = {
			isa = XCVersionGroup;
			children = (
				052D27EC1C5A613B00312FDD /* pokedex.xcdatamodel */,
			);
			currentVersion = 052D27EC1C5A613B00312FDD /* pokedex.xcdatamodel */;
			path = pokedex.xcdatamodeld;
			sourceTree = "<group>";
			versionGroupType = wrapper.xcdatamodel;
		};
/* End XCVersionGroup section */
	};
	rootObject = 052D27D91C5A613B00312FDD /* Project object */;
}
